
Microsoft Visual Studio Solution File, Format Version 12.00
# Visual Studio Version 17
VisualStudioVersion = 17.0.32112.339
MinimumVisualStudioVersion = 10.0.40219.1
Project("{FAE04EC0-301F-11D3-BF4B-00C04F79EFBC}") = "InspectionAPI", "InspectionAPI\InspectionAPI.csproj", "{FBB47EE5-F310-45B8-B7A5-8FBFCEF934F7}"
EndProject
Global
	GlobalSection(SolutionConfigurationPlatforms) = preSolution
		Debug|Any CPU = Debug|Any CPU
		Release|Any CPU = Release|Any CPU
	EndGlobalSection
	GlobalSection(ProjectConfigurationPlatforms) = postSolution
		{FBB47EE5-F310-45B8-B7A5-8FBFCEF934F7}.Debug|Any CPU.ActiveCfg = Debug|Any CPU
		{FBB47EE5-F310-45B8-B7A5-8FBFCEF934F7}.Debug|Any CPU.Build.0 = Debug|Any CPU
		{FBB47EE5-F310-45B8-B7A5-8FBFCEF934F7}.Release|Any CPU.ActiveCfg = Release|Any CPU
		{FBB47EE5-F310-45B8-B7A5-8FBFCEF934F7}.Release|Any CPU.Build.0 = Release|Any CPU
	EndGlobalSection
	GlobalSection(SolutionProperties) = preSolution
		HideSolutionNode = FALSE
	EndGlobalSection
	GlobalSection(ExtensibilityGlobals) = postSolution
		SolutionGuid = {248F15F3-966B-4098-8228-0CCD4D88D0F6}
	EndGlobalSection
EndGlobal
